
Microsoft Visual Studio Solution File, Format Version 12.00
# Visual Studio Version 16
VisualStudioVersion = 16.0.32802.440
MinimumVisualStudioVersion = 10.0.40219.1
Project("{FAE04EC0-301F-11D3-BF4B-00C04F79EFBC}") = "elevator", "elevator\elevator.csproj", "{9442B7E0-B867-49E5-ADB7-E1411B398075}"
EndProject
Global
	GlobalSection(SolutionConfigurationPlatforms) = preSolution
		Debug|Any CPU = Debug|Any CPU
		Release|Any CPU = Release|Any CPU
	EndGlobalSection
	GlobalSection(ProjectConfigurationPlatforms) = postSolution
		{9442B7E0-B867-49E5-ADB7-E1411B398075}.Debug|Any CPU.ActiveCfg = Debug|Any CPU
		{9442B7E0-B867-49E5-ADB7-E1411B398075}.Debug|Any CPU.Build.0 = Debug|Any CPU
		{9442B7E0-B867-49E5-ADB7-E1411B398075}.Release|Any CPU.ActiveCfg = Release|Any CPU
		{9442B7E0-B867-49E5-ADB7-E1411B398075}.Release|Any CPU.Build.0 = Release|Any CPU
	EndGlobalSection
	GlobalSection(SolutionProperties) = preSolution
		HideSolutionNode = FALSE
	EndGlobalSection
	GlobalSection(ExtensibilityGlobals) = postSolution
		SolutionGuid = {4086F954-5C78-42F6-B727-6050A8479E84}
	EndGlobalSection
EndGlobal
