
Microsoft Visual Studio Solution File, Format Version 12.00
# Visual Studio Version 16
VisualStudioVersion = 16.0.33214.272
MinimumVisualStudioVersion = 10.0.40219.1
Project("{FAE04EC0-301F-11D3-BF4B-00C04F79EFBC}") = "Település", "Település\Település.csproj", "{832BE9AA-243D-4FBD-BF31-36ECDF77924B}"
EndProject
Global
	GlobalSection(SolutionConfigurationPlatforms) = preSolution
		Debug|Any CPU = Debug|Any CPU
		Release|Any CPU = Release|Any CPU
	EndGlobalSection
	GlobalSection(ProjectConfigurationPlatforms) = postSolution
		{832BE9AA-243D-4FBD-BF31-36ECDF77924B}.Debug|Any CPU.ActiveCfg = Debug|Any CPU
		{832BE9AA-243D-4FBD-BF31-36ECDF77924B}.Debug|Any CPU.Build.0 = Debug|Any CPU
		{832BE9AA-243D-4FBD-BF31-36ECDF77924B}.Release|Any CPU.ActiveCfg = Release|Any CPU
		{832BE9AA-243D-4FBD-BF31-36ECDF77924B}.Release|Any CPU.Build.0 = Release|Any CPU
	EndGlobalSection
	GlobalSection(SolutionProperties) = preSolution
		HideSolutionNode = FALSE
	EndGlobalSection
	GlobalSection(ExtensibilityGlobals) = postSolution
		SolutionGuid = {2C5D5B5D-08EB-4A37-A1DD-1ABB1835E8E6}
	EndGlobalSection
EndGlobal
