
Microsoft Visual Studio Solution File, Format Version 12.00
# Visual Studio Version 17
VisualStudioVersion = 17.7.34003.232
MinimumVisualStudioVersion = 10.0.40219.1
Project("{9A19103F-16F7-4668-BE54-9A1E7A4F7556}") = "Kemia", "Walter\Kemia.csproj", "{CEE2DCF4-97E3-4EB7-AF51-E2DA395D399A}"
EndProject
Global
	GlobalSection(SolutionConfigurationPlatforms) = preSolution
		Debug|Any CPU = Debug|Any CPU
		Release|Any CPU = Release|Any CPU
	EndGlobalSection
	GlobalSection(ProjectConfigurationPlatforms) = postSolution
		{CEE2DCF4-97E3-4EB7-AF51-E2DA395D399A}.Debug|Any CPU.ActiveCfg = Debug|Any CPU
		{CEE2DCF4-97E3-4EB7-AF51-E2DA395D399A}.Debug|Any CPU.Build.0 = Debug|Any CPU
		{CEE2DCF4-97E3-4EB7-AF51-E2DA395D399A}.Release|Any CPU.ActiveCfg = Release|Any CPU
		{CEE2DCF4-97E3-4EB7-AF51-E2DA395D399A}.Release|Any CPU.Build.0 = Release|Any CPU
	EndGlobalSection
	GlobalSection(SolutionProperties) = preSolution
		HideSolutionNode = FALSE
	EndGlobalSection
	GlobalSection(ExtensibilityGlobals) = postSolution
		SolutionGuid = {085055C2-253D-4720-A204-53D244DE0AF3}
	EndGlobalSection
EndGlobal
