
Microsoft Visual Studio Solution File, Format Version 12.00
# Visual Studio Version 16
VisualStudioVersion = 16.0.32802.440
MinimumVisualStudioVersion = 10.0.40219.1
Project("{FAE04EC0-301F-11D3-BF4B-00C04F79EFBC}") = "Tekszt", "Tekszt\Tekszt.csproj", "{64AD446C-20A7-487E-9B3F-6B494CC3010F}"
EndProject
Global
	GlobalSection(SolutionConfigurationPlatforms) = preSolution
		Debug|Any CPU = Debug|Any CPU
		Release|Any CPU = Release|Any CPU
	EndGlobalSection
	GlobalSection(ProjectConfigurationPlatforms) = postSolution
		{64AD446C-20A7-487E-9B3F-6B494CC3010F}.Debug|Any CPU.ActiveCfg = Debug|Any CPU
		{64AD446C-20A7-487E-9B3F-6B494CC3010F}.Debug|Any CPU.Build.0 = Debug|Any CPU
		{64AD446C-20A7-487E-9B3F-6B494CC3010F}.Release|Any CPU.ActiveCfg = Release|Any CPU
		{64AD446C-20A7-487E-9B3F-6B494CC3010F}.Release|Any CPU.Build.0 = Release|Any CPU
	EndGlobalSection
	GlobalSection(SolutionProperties) = preSolution
		HideSolutionNode = FALSE
	EndGlobalSection
	GlobalSection(ExtensibilityGlobals) = postSolution
		SolutionGuid = {480BC5B3-C883-4841-8792-308C2B13637B}
	EndGlobalSection
EndGlobal
