
Microsoft Visual Studio Solution File, Format Version 12.00
# Visual Studio Version 16
VisualStudioVersion = 16.0.32802.440
MinimumVisualStudioVersion = 10.0.40219.1
Project("{FAE04EC0-301F-11D3-BF4B-00C04F79EFBC}") = "utonevek", "utonevek\utonevek.csproj", "{00D36AC4-6EE1-4A8B-A41B-47EA83845013}"
EndProject
Global
	GlobalSection(SolutionConfigurationPlatforms) = preSolution
		Debug|Any CPU = Debug|Any CPU
		Release|Any CPU = Release|Any CPU
	EndGlobalSection
	GlobalSection(ProjectConfigurationPlatforms) = postSolution
		{00D36AC4-6EE1-4A8B-A41B-47EA83845013}.Debug|Any CPU.ActiveCfg = Debug|Any CPU
		{00D36AC4-6EE1-4A8B-A41B-47EA83845013}.Debug|Any CPU.Build.0 = Debug|Any CPU
		{00D36AC4-6EE1-4A8B-A41B-47EA83845013}.Release|Any CPU.ActiveCfg = Release|Any CPU
		{00D36AC4-6EE1-4A8B-A41B-47EA83845013}.Release|Any CPU.Build.0 = Release|Any CPU
	EndGlobalSection
	GlobalSection(SolutionProperties) = preSolution
		HideSolutionNode = FALSE
	EndGlobalSection
	GlobalSection(ExtensibilityGlobals) = postSolution
		SolutionGuid = {26299517-8AEF-46B6-BDAC-BA1FE40B2B22}
	EndGlobalSection
EndGlobal
