
Microsoft Visual Studio Solution File, Format Version 12.00
# Visual Studio Version 16
VisualStudioVersion = 16.0.32802.440
MinimumVisualStudioVersion = 10.0.40219.1
Project("{FAE04EC0-301F-11D3-BF4B-00C04F79EFBC}") = "Nintendo Switch", "Nintendo Switch.csproj", "{300DED6A-1F0E-4743-934F-CB6525ABBE23}"
EndProject
Global
	GlobalSection(SolutionConfigurationPlatforms) = preSolution
		Debug|Any CPU = Debug|Any CPU
		Release|Any CPU = Release|Any CPU
	EndGlobalSection
	GlobalSection(ProjectConfigurationPlatforms) = postSolution
		{300DED6A-1F0E-4743-934F-CB6525ABBE23}.Debug|Any CPU.ActiveCfg = Debug|Any CPU
		{300DED6A-1F0E-4743-934F-CB6525ABBE23}.Debug|Any CPU.Build.0 = Debug|Any CPU
		{300DED6A-1F0E-4743-934F-CB6525ABBE23}.Release|Any CPU.ActiveCfg = Release|Any CPU
		{300DED6A-1F0E-4743-934F-CB6525ABBE23}.Release|Any CPU.Build.0 = Release|Any CPU
	EndGlobalSection
	GlobalSection(SolutionProperties) = preSolution
		HideSolutionNode = FALSE
	EndGlobalSection
	GlobalSection(ExtensibilityGlobals) = postSolution
		SolutionGuid = {6A856A22-2FFD-4FFB-A19F-5D252EDF6EA1}
	EndGlobalSection
EndGlobal
