
Microsoft Visual Studio Solution File, Format Version 12.00
# Visual Studio Version 17
VisualStudioVersion = 17.8.34330.188
MinimumVisualStudioVersion = 10.0.40219.1
Project("{FAE04EC0-301F-11D3-BF4B-00C04F79EFBC}") = "GiftBox", "GiftBox\GiftBox.csproj", "{AD51A7EB-9B54-474C-A93D-2F115FB42BF2}"
EndProject
Project("{FAE04EC0-301F-11D3-BF4B-00C04F79EFBC}") = "GiftBoxLib", "GiftBoxLib\GiftBoxLib.csproj", "{67173F79-E316-46D6-B2AC-835A451D8CEB}"
EndProject
Global
	GlobalSection(SolutionConfigurationPlatforms) = preSolution
		Debug|Any CPU = Debug|Any CPU
		Release|Any CPU = Release|Any CPU
	EndGlobalSection
	GlobalSection(ProjectConfigurationPlatforms) = postSolution
		{AD51A7EB-9B54-474C-A93D-2F115FB42BF2}.Debug|Any CPU.ActiveCfg = Debug|Any CPU
		{AD51A7EB-9B54-474C-A93D-2F115FB42BF2}.Debug|Any CPU.Build.0 = Debug|Any CPU
		{AD51A7EB-9B54-474C-A93D-2F115FB42BF2}.Release|Any CPU.ActiveCfg = Release|Any CPU
		{AD51A7EB-9B54-474C-A93D-2F115FB42BF2}.Release|Any CPU.Build.0 = Release|Any CPU
		{67173F79-E316-46D6-B2AC-835A451D8CEB}.Debug|Any CPU.ActiveCfg = Debug|Any CPU
		{67173F79-E316-46D6-B2AC-835A451D8CEB}.Debug|Any CPU.Build.0 = Debug|Any CPU
		{67173F79-E316-46D6-B2AC-835A451D8CEB}.Release|Any CPU.ActiveCfg = Release|Any CPU
		{67173F79-E316-46D6-B2AC-835A451D8CEB}.Release|Any CPU.Build.0 = Release|Any CPU
	EndGlobalSection
	GlobalSection(SolutionProperties) = preSolution
		HideSolutionNode = FALSE
	EndGlobalSection
	GlobalSection(ExtensibilityGlobals) = postSolution
		SolutionGuid = {E30449F9-4A4E-4C26-8A89-512CC284B74D}
	EndGlobalSection
EndGlobal
