
Microsoft Visual Studio Solution File, Format Version 12.00
# Visual Studio Version 16
VisualStudioVersion = 16.0.32802.440
MinimumVisualStudioVersion = 10.0.40219.1
Project("{FAE04EC0-301F-11D3-BF4B-00C04F79EFBC}") = "Cum", "Cum\Cum.csproj", "{636CB269-D37C-4760-A3F6-FE2B363F0FDD}"
EndProject
Global
	GlobalSection(SolutionConfigurationPlatforms) = preSolution
		Debug|Any CPU = Debug|Any CPU
		Release|Any CPU = Release|Any CPU
	EndGlobalSection
	GlobalSection(ProjectConfigurationPlatforms) = postSolution
		{636CB269-D37C-4760-A3F6-FE2B363F0FDD}.Debug|Any CPU.ActiveCfg = Debug|Any CPU
		{636CB269-D37C-4760-A3F6-FE2B363F0FDD}.Debug|Any CPU.Build.0 = Debug|Any CPU
		{636CB269-D37C-4760-A3F6-FE2B363F0FDD}.Release|Any CPU.ActiveCfg = Release|Any CPU
		{636CB269-D37C-4760-A3F6-FE2B363F0FDD}.Release|Any CPU.Build.0 = Release|Any CPU
	EndGlobalSection
	GlobalSection(SolutionProperties) = preSolution
		HideSolutionNode = FALSE
	EndGlobalSection
	GlobalSection(ExtensibilityGlobals) = postSolution
		SolutionGuid = {932BA886-65C3-4518-8D26-1F48C5FC1930}
	EndGlobalSection
EndGlobal
