
Microsoft Visual Studio Solution File, Format Version 12.00
# Visual Studio Version 16
VisualStudioVersion = 16.0.32802.440
MinimumVisualStudioVersion = 10.0.40219.1
Project("{FAE04EC0-301F-11D3-BF4B-00C04F79EFBC}") = "FckMyLife", "FckMyLife\FckMyLife.csproj", "{2198D456-0DBD-47D6-86E8-E56584900998}"
EndProject
Global
	GlobalSection(SolutionConfigurationPlatforms) = preSolution
		Debug|Any CPU = Debug|Any CPU
		Release|Any CPU = Release|Any CPU
	EndGlobalSection
	GlobalSection(ProjectConfigurationPlatforms) = postSolution
		{2198D456-0DBD-47D6-86E8-E56584900998}.Debug|Any CPU.ActiveCfg = Debug|Any CPU
		{2198D456-0DBD-47D6-86E8-E56584900998}.Debug|Any CPU.Build.0 = Debug|Any CPU
		{2198D456-0DBD-47D6-86E8-E56584900998}.Release|Any CPU.ActiveCfg = Release|Any CPU
		{2198D456-0DBD-47D6-86E8-E56584900998}.Release|Any CPU.Build.0 = Release|Any CPU
	EndGlobalSection
	GlobalSection(SolutionProperties) = preSolution
		HideSolutionNode = FALSE
	EndGlobalSection
	GlobalSection(ExtensibilityGlobals) = postSolution
		SolutionGuid = {5E11F32D-A59E-4482-AE7C-D4EA8A84BFE9}
	EndGlobalSection
EndGlobal
