
Microsoft Visual Studio Solution File, Format Version 12.00
# Visual Studio Version 16
VisualStudioVersion = 16.0.32802.440
MinimumVisualStudioVersion = 10.0.40219.1
Project("{FAE04EC0-301F-11D3-BF4B-00C04F79EFBC}") = "Anyad Faszat", "Anyad Faszat\Anyad Faszat.csproj", "{D4E2A97D-1D99-43A8-AB04-95C418D736C7}"
EndProject
Global
	GlobalSection(SolutionConfigurationPlatforms) = preSolution
		Debug|Any CPU = Debug|Any CPU
		Release|Any CPU = Release|Any CPU
	EndGlobalSection
	GlobalSection(ProjectConfigurationPlatforms) = postSolution
		{D4E2A97D-1D99-43A8-AB04-95C418D736C7}.Debug|Any CPU.ActiveCfg = Debug|Any CPU
		{D4E2A97D-1D99-43A8-AB04-95C418D736C7}.Debug|Any CPU.Build.0 = Debug|Any CPU
		{D4E2A97D-1D99-43A8-AB04-95C418D736C7}.Release|Any CPU.ActiveCfg = Release|Any CPU
		{D4E2A97D-1D99-43A8-AB04-95C418D736C7}.Release|Any CPU.Build.0 = Release|Any CPU
	EndGlobalSection
	GlobalSection(SolutionProperties) = preSolution
		HideSolutionNode = FALSE
	EndGlobalSection
	GlobalSection(ExtensibilityGlobals) = postSolution
		SolutionGuid = {300D3ABE-8B33-43A6-8F25-965DE4920040}
	EndGlobalSection
EndGlobal
