
Microsoft Visual Studio Solution File, Format Version 12.00
# Visual Studio Version 17
VisualStudioVersion = 17.7.34003.232
MinimumVisualStudioVersion = 10.0.40219.1
Project("{FAE04EC0-301F-11D3-BF4B-00C04F79EFBC}") = "Wah", "Wah\Wah.csproj", "{7358B0D5-CDD6-40D1-A7DE-6F602D3E915F}"
EndProject
Global
	GlobalSection(SolutionConfigurationPlatforms) = preSolution
		Debug|Any CPU = Debug|Any CPU
		Release|Any CPU = Release|Any CPU
	EndGlobalSection
	GlobalSection(ProjectConfigurationPlatforms) = postSolution
		{7358B0D5-CDD6-40D1-A7DE-6F602D3E915F}.Debug|Any CPU.ActiveCfg = Debug|Any CPU
		{7358B0D5-CDD6-40D1-A7DE-6F602D3E915F}.Debug|Any CPU.Build.0 = Debug|Any CPU
		{7358B0D5-CDD6-40D1-A7DE-6F602D3E915F}.Release|Any CPU.ActiveCfg = Release|Any CPU
		{7358B0D5-CDD6-40D1-A7DE-6F602D3E915F}.Release|Any CPU.Build.0 = Release|Any CPU
	EndGlobalSection
	GlobalSection(SolutionProperties) = preSolution
		HideSolutionNode = FALSE
	EndGlobalSection
	GlobalSection(ExtensibilityGlobals) = postSolution
		SolutionGuid = {17D528AB-DB06-44DB-ACF9-C4544EF044F5}
	EndGlobalSection
EndGlobal
